// !$*UTF8*$!
{
	archiveVersion = 1;
	classes = {
	};
	objectVersion = 56;
	objects = {

/* Begin PBXBuildFile section */
		CF4DFC8829081EEE00E23220 /* YouTubeSearchResponse.swift in Sources */ = {isa = PBXBuildFile; fileRef = CF4DFC8729081EEE00E23220 /* YouTubeSearchResponse.swift */; };
		CF4DFC8A2908232200E23220 /* TitlePreviewViewController.swift in Sources */ = {isa = PBXBuildFile; fileRef = CF4DFC892908232200E23220 /* TitlePreviewViewController.swift */; };
		CF4DFC8C2908268D00E23220 /* TitlePreviewViewModel.swift in Sources */ = {isa = PBXBuildFile; fileRef = CF4DFC8B2908268D00E23220 /* TitlePreviewViewModel.swift */; };
		CF723C592905B05600FA8CBE /* AppDelegate.swift in Sources */ = {isa = PBXBuildFile; fileRef = CF723C582905B05600FA8CBE /* AppDelegate.swift */; };
		CF723C5B2905B05600FA8CBE /* SceneDelegate.swift in Sources */ = {isa = PBXBuildFile; fileRef = CF723C5A2905B05600FA8CBE /* SceneDelegate.swift */; };
		CF723C5D2905B05600FA8CBE /* MainTabBarViewController.swift in Sources */ = {isa = PBXBuildFile; fileRef = CF723C5C2905B05600FA8CBE /* MainTabBarViewController.swift */; };
		CF723C622905B05900FA8CBE /* Assets.xcassets in Resources */ = {isa = PBXBuildFile; fileRef = CF723C612905B05900FA8CBE /* Assets.xcassets */; };
		CF723C652905B05900FA8CBE /* LaunchScreen.storyboard in Resources */ = {isa = PBXBuildFile; fileRef = CF723C632905B05900FA8CBE /* LaunchScreen.storyboard */; };
		CF723C6E2905B68E00FA8CBE /* HomeViewController.swift in Sources */ = {isa = PBXBuildFile; fileRef = CF723C6D2905B68E00FA8CBE /* HomeViewController.swift */; };
		CF723C722905B6EF00FA8CBE /* SearchViewController.swift in Sources */ = {isa = PBXBuildFile; fileRef = CF723C712905B6EF00FA8CBE /* SearchViewController.swift */; };
		CF723C742905B71900FA8CBE /* DownloadsViewController.swift in Sources */ = {isa = PBXBuildFile; fileRef = CF723C732905B71900FA8CBE /* DownloadsViewController.swift */; };
		CF723C7B2905C2E000FA8CBE /* CollectionViewTableViewCell.swift in Sources */ = {isa = PBXBuildFile; fileRef = CF723C7A2905C2E000FA8CBE /* CollectionViewTableViewCell.swift */; };
		CF8F09A42905D4CE00EB782E /* ZeldaHeaderUIView.swift in Sources */ = {isa = PBXBuildFile; fileRef = CF8F09A32905D4CE00EB782E /* ZeldaHeaderUIView.swift */; };
		CF9B3B832906022E0099E115 /* APICaller.swift in Sources */ = {isa = PBXBuildFile; fileRef = CF9B3B822906022E0099E115 /* APICaller.swift */; };
		CF9B3B85290608DE0099E115 /* Game.swift in Sources */ = {isa = PBXBuildFile; fileRef = CF9B3B84290608DE0099E115 /* Game.swift */; };
		CF9B3B87290611E20099E115 /* Extensions.swift in Sources */ = {isa = PBXBuildFile; fileRef = CF9B3B86290611E20099E115 /* Extensions.swift */; };
		CF9B3B89290614D60099E115 /* TitleCollectionViewCell.swift in Sources */ = {isa = PBXBuildFile; fileRef = CF9B3B88290614D60099E115 /* TitleCollectionViewCell.swift */; };
		CF9B3B8B2906E3070099E115 /* TitleTableViewCell.swift in Sources */ = {isa = PBXBuildFile; fileRef = CF9B3B8A2906E3070099E115 /* TitleTableViewCell.swift */; };
		CF9B3B8D2906E61F0099E115 /* TitleViewModel.swift in Sources */ = {isa = PBXBuildFile; fileRef = CF9B3B8C2906E61F0099E115 /* TitleViewModel.swift */; };
		CF9B3B8F29072A2E0099E115 /* SearchResultsViewController.swift in Sources */ = {isa = PBXBuildFile; fileRef = CF9B3B8E29072A2E0099E115 /* SearchResultsViewController.swift */; };
/* End PBXBuildFile section */

/* Begin PBXFileReference section */
		CF4DFC8729081EEE00E23220 /* YouTubeSearchResponse.swift */ = {isa = PBXFileReference; lastKnownFileType = sourcecode.swift; path = YouTubeSearchResponse.swift; sourceTree = "<group>"; };
		CF4DFC892908232200E23220 /* TitlePreviewViewController.swift */ = {isa = PBXFileReference; lastKnownFileType = sourcecode.swift; path = TitlePreviewViewController.swift; sourceTree = "<group>"; };
		CF4DFC8B2908268D00E23220 /* TitlePreviewViewModel.swift */ = {isa = PBXFileReference; lastKnownFileType = sourcecode.swift; path = TitlePreviewViewModel.swift; sourceTree = "<group>"; };
		CF723C552905B05600FA8CBE /* Zelda Game Covers.app */ = {isa = PBXFileReference; explicitFileType = wrapper.application; includeInIndex = 0; path = "Zelda Game Covers.app"; sourceTree = BUILT_PRODUCTS_DIR; };
		CF723C582905B05600FA8CBE /* AppDelegate.swift */ = {isa = PBXFileReference; lastKnownFileType = sourcecode.swift; path = AppDelegate.swift; sourceTree = "<group>"; };
		CF723C5A2905B05600FA8CBE /* SceneDelegate.swift */ = {isa = PBXFileReference; lastKnownFileType = sourcecode.swift; path = SceneDelegate.swift; sourceTree = "<group>"; };
		CF723C5C2905B05600FA8CBE /* MainTabBarViewController.swift */ = {isa = PBXFileReference; lastKnownFileType = sourcecode.swift; path = MainTabBarViewController.swift; sourceTree = "<group>"; };
		CF723C612905B05900FA8CBE /* Assets.xcassets */ = {isa = PBXFileReference; lastKnownFileType = folder.assetcatalog; path = Assets.xcassets; sourceTree = "<group>"; };
		CF723C642905B05900FA8CBE /* Base */ = {isa = PBXFileReference; lastKnownFileType = file.storyboard; name = Base; path = Base.lproj/LaunchScreen.storyboard; sourceTree = "<group>"; };
		CF723C662905B05900FA8CBE /* Info.plist */ = {isa = PBXFileReference; lastKnownFileType = text.plist.xml; path = Info.plist; sourceTree = "<group>"; };
		CF723C6D2905B68E00FA8CBE /* HomeViewController.swift */ = {isa = PBXFileReference; lastKnownFileType = sourcecode.swift; path = HomeViewController.swift; sourceTree = "<group>"; };
		CF723C712905B6EF00FA8CBE /* SearchViewController.swift */ = {isa = PBXFileReference; lastKnownFileType = sourcecode.swift; path = SearchViewController.swift; sourceTree = "<group>"; };
		CF723C732905B71900FA8CBE /* DownloadsViewController.swift */ = {isa = PBXFileReference; lastKnownFileType = sourcecode.swift; path = DownloadsViewController.swift; sourceTree = "<group>"; };
		CF723C7A2905C2E000FA8CBE /* CollectionViewTableViewCell.swift */ = {isa = PBXFileReference; lastKnownFileType = sourcecode.swift; path = CollectionViewTableViewCell.swift; sourceTree = "<group>"; };
		CF8F09A32905D4CE00EB782E /* ZeldaHeaderUIView.swift */ = {isa = PBXFileReference; lastKnownFileType = sourcecode.swift; path = ZeldaHeaderUIView.swift; sourceTree = "<group>"; };
		CF9B3B822906022E0099E115 /* APICaller.swift */ = {isa = PBXFileReference; lastKnownFileType = sourcecode.swift; path = APICaller.swift; sourceTree = "<group>"; };
		CF9B3B84290608DE0099E115 /* Game.swift */ = {isa = PBXFileReference; lastKnownFileType = sourcecode.swift; path = Game.swift; sourceTree = "<group>"; };
		CF9B3B86290611E20099E115 /* Extensions.swift */ = {isa = PBXFileReference; lastKnownFileType = sourcecode.swift; path = Extensions.swift; sourceTree = "<group>"; };
		CF9B3B88290614D60099E115 /* TitleCollectionViewCell.swift */ = {isa = PBXFileReference; lastKnownFileType = sourcecode.swift; path = TitleCollectionViewCell.swift; sourceTree = "<group>"; };
		CF9B3B8A2906E3070099E115 /* TitleTableViewCell.swift */ = {isa = PBXFileReference; lastKnownFileType = sourcecode.swift; path = TitleTableViewCell.swift; sourceTree = "<group>"; };
		CF9B3B8C2906E61F0099E115 /* TitleViewModel.swift */ = {isa = PBXFileReference; lastKnownFileType = sourcecode.swift; path = TitleViewModel.swift; sourceTree = "<group>"; };
		CF9B3B8E29072A2E0099E115 /* SearchResultsViewController.swift */ = {isa = PBXFileReference; lastKnownFileType = sourcecode.swift; path = SearchResultsViewController.swift; sourceTree = "<group>"; };
/* End PBXFileReference section */

/* Begin PBXFrameworksBuildPhase section */
		CF723C522905B05600FA8CBE /* Frameworks */ = {
			isa = PBXFrameworksBuildPhase;
			buildActionMask = 2147483647;
			files = (
			);
			runOnlyForDeploymentPostprocessing = 0;
		};
/* End PBXFrameworksBuildPhase section */

/* Begin PBXGroup section */
		CF723C4C2905B05600FA8CBE = {
			isa = PBXGroup;
			children = (
				CF723C572905B05600FA8CBE /* Zelda Game Covers */,
				CF723C562905B05600FA8CBE /* Products */,
			);
			sourceTree = "<group>";
		};
		CF723C562905B05600FA8CBE /* Products */ = {
			isa = PBXGroup;
			children = (
				CF723C552905B05600FA8CBE /* Zelda Game Covers.app */,
			);
			name = Products;
			sourceTree = "<group>";
		};
		CF723C572905B05600FA8CBE /* Zelda Game Covers */ = {
			isa = PBXGroup;
			children = (
				CF723C792905C2AE00FA8CBE /* Managers */,
				CF723C782905C2A500FA8CBE /* Resources */,
				CF723C772905C29200FA8CBE /* Models */,
				CF723C762905C28B00FA8CBE /* ViewModels */,
				CF723C752905C28500FA8CBE /* Views */,
				CF723C6C2905B63800FA8CBE /* Controllers */,
				CF723C582905B05600FA8CBE /* AppDelegate.swift */,
				CF723C5A2905B05600FA8CBE /* SceneDelegate.swift */,
				CF723C612905B05900FA8CBE /* Assets.xcassets */,
				CF723C632905B05900FA8CBE /* LaunchScreen.storyboard */,
				CF723C662905B05900FA8CBE /* Info.plist */,
			);
			path = "Zelda Game Covers";
			sourceTree = "<group>";
		};
		CF723C6C2905B63800FA8CBE /* Controllers */ = {
			isa = PBXGroup;
			children = (
				CF9B3B9129072AB10099E115 /* General */,
				CF9B3B9029072A760099E115 /* Core */,
			);
			path = Controllers;
			sourceTree = "<group>";
		};
		CF723C752905C28500FA8CBE /* Views */ = {
			isa = PBXGroup;
			children = (
				CF723C7A2905C2E000FA8CBE /* CollectionViewTableViewCell.swift */,
				CF8F09A32905D4CE00EB782E /* ZeldaHeaderUIView.swift */,
				CF9B3B88290614D60099E115 /* TitleCollectionViewCell.swift */,
				CF9B3B8A2906E3070099E115 /* TitleTableViewCell.swift */,
			);
			path = Views;
			sourceTree = "<group>";
		};
		CF723C762905C28B00FA8CBE /* ViewModels */ = {
			isa = PBXGroup;
			children = (
				CF9B3B8C2906E61F0099E115 /* TitleViewModel.swift */,
				CF4DFC8B2908268D00E23220 /* TitlePreviewViewModel.swift */,
			);
			path = ViewModels;
			sourceTree = "<group>";
		};
		CF723C772905C29200FA8CBE /* Models */ = {
			isa = PBXGroup;
			children = (
				CF4DFC8729081EEE00E23220 /* YouTubeSearchResponse.swift */,
				CF9B3B84290608DE0099E115 /* Game.swift */,
			);
			path = Models;
			sourceTree = "<group>";
		};
		CF723C782905C2A500FA8CBE /* Resources */ = {
			isa = PBXGroup;
			children = (
				CF9B3B86290611E20099E115 /* Extensions.swift */,
			);
			path = Resources;
			sourceTree = "<group>";
		};
		CF723C792905C2AE00FA8CBE /* Managers */ = {
			isa = PBXGroup;
			children = (
				CF9B3B822906022E0099E115 /* APICaller.swift */,
			);
			path = Managers;
			sourceTree = "<group>";
		};
		CF9B3B9029072A760099E115 /* Core */ = {
			isa = PBXGroup;
			children = (
				CF723C5C2905B05600FA8CBE /* MainTabBarViewController.swift */,
				CF723C732905B71900FA8CBE /* DownloadsViewController.swift */,
				CF723C6D2905B68E00FA8CBE /* HomeViewController.swift */,
				CF723C712905B6EF00FA8CBE /* SearchViewController.swift */,
			);
			path = Core;
			sourceTree = "<group>";
		};
		CF9B3B9129072AB10099E115 /* General */ = {
			isa = PBXGroup;
			children = (
				CF9B3B8E29072A2E0099E115 /* SearchResultsViewController.swift */,
				CF4DFC892908232200E23220 /* TitlePreviewViewController.swift */,
			);
			path = General;
			sourceTree = "<group>";
		};
/* End PBXGroup section */

/* Begin PBXNativeTarget section */
		CF723C542905B05600FA8CBE /* Zelda Game Covers */ = {
			isa = PBXNativeTarget;
			buildConfigurationList = CF723C692905B05900FA8CBE /* Build configuration list for PBXNativeTarget "Zelda Game Covers" */;
			buildPhases = (
				CF723C512905B05600FA8CBE /* Sources */,
				CF723C522905B05600FA8CBE /* Frameworks */,
				CF723C532905B05600FA8CBE /* Resources */,
			);
			buildRules = (
			);
			dependencies = (
			);
			name = "Zelda Game Covers";
			productName = "Movie Streamer";
			productReference = CF723C552905B05600FA8CBE /* Zelda Game Covers.app */;
			productType = "com.apple.product-type.application";
		};
/* End PBXNativeTarget section */

/* Begin PBXProject section */
		CF723C4D2905B05600FA8CBE /* Project object */ = {
			isa = PBXProject;
			attributes = {
				BuildIndependentTargetsInParallel = 1;
				LastSwiftUpdateCheck = 1400;
				LastUpgradeCheck = 1400;
				TargetAttributes = {
					CF723C542905B05600FA8CBE = {
						CreatedOnToolsVersion = 14.0.1;
					};
				};
			};
			buildConfigurationList = CF723C502905B05600FA8CBE /* Build configuration list for PBXProject "Zelda Game Covers" */;
			compatibilityVersion = "Xcode 14.0";
			developmentRegion = en;
			hasScannedForEncodings = 0;
			knownRegions = (
				en,
				Base,
			);
			mainGroup = CF723C4C2905B05600FA8CBE;
			productRefGroup = CF723C562905B05600FA8CBE /* Products */;
			projectDirPath = "";
			projectRoot = "";
			targets = (
				CF723C542905B05600FA8CBE /* Zelda Game Covers */,
			);
		};
/* End PBXProject section */

/* Begin PBXResourcesBuildPhase section */
		CF723C532905B05600FA8CBE /* Resources */ = {
			isa = PBXResourcesBuildPhase;
			buildActionMask = 2147483647;
			files = (
				CF723C652905B05900FA8CBE /* LaunchScreen.storyboard in Resources */,
				CF723C622905B05900FA8CBE /* Assets.xcassets in Resources */,
			);
			runOnlyForDeploymentPostprocessing = 0;
		};
/* End PBXResourcesBuildPhase section */

/* Begin PBXSourcesBuildPhase section */
		CF723C512905B05600FA8CBE /* Sources */ = {
			isa = PBXSourcesBuildPhase;
			buildActionMask = 2147483647;
			files = (
				CF4DFC8C2908268D00E23220 /* TitlePreviewViewModel.swift in Sources */,
				CF723C722905B6EF00FA8CBE /* SearchViewController.swift in Sources */,
				CF9B3B89290614D60099E115 /* TitleCollectionViewCell.swift in Sources */,
				CF4DFC8A2908232200E23220 /* TitlePreviewViewController.swift in Sources */,
				CF9B3B8B2906E3070099E115 /* TitleTableViewCell.swift in Sources */,
				CF723C5D2905B05600FA8CBE /* MainTabBarViewController.swift in Sources */,
				CF9B3B8F29072A2E0099E115 /* SearchResultsViewController.swift in Sources */,
				CF723C7B2905C2E000FA8CBE /* CollectionViewTableViewCell.swift in Sources */,
				CF9B3B832906022E0099E115 /* APICaller.swift in Sources */,
				CF8F09A42905D4CE00EB782E /* ZeldaHeaderUIView.swift in Sources */,
				CF4DFC8829081EEE00E23220 /* YouTubeSearchResponse.swift in Sources */,
				CF723C742905B71900FA8CBE /* DownloadsViewController.swift in Sources */,
				CF9B3B85290608DE0099E115 /* Game.swift in Sources */,
				CF9B3B87290611E20099E115 /* Extensions.swift in Sources */,
				CF723C592905B05600FA8CBE /* AppDelegate.swift in Sources */,
				CF9B3B8D2906E61F0099E115 /* TitleViewModel.swift in Sources */,
				CF723C5B2905B05600FA8CBE /* SceneDelegate.swift in Sources */,
				CF723C6E2905B68E00FA8CBE /* HomeViewController.swift in Sources */,
			);
			runOnlyForDeploymentPostprocessing = 0;
		};
/* End PBXSourcesBuildPhase section */

/* Begin PBXVariantGroup section */
		CF723C632905B05900FA8CBE /* LaunchScreen.storyboard */ = {
			isa = PBXVariantGroup;
			children = (
				CF723C642905B05900FA8CBE /* Base */,
			);
			name = LaunchScreen.storyboard;
			sourceTree = "<group>";
		};
/* End PBXVariantGroup section */

/* Begin XCBuildConfiguration section */
		CF723C672905B05900FA8CBE /* Debug */ = {
			isa = XCBuildConfiguration;
			buildSettings = {
				ALWAYS_SEARCH_USER_PATHS = NO;
				CLANG_ANALYZER_NONNULL = YES;
				CLANG_ANALYZER_NUMBER_OBJECT_CONVERSION = YES_AGGRESSIVE;
				CLANG_CXX_LANGUAGE_STANDARD = "gnu++20";
				CLANG_ENABLE_MODULES = YES;
				CLANG_ENABLE_OBJC_ARC = YES;
				CLANG_ENABLE_OBJC_WEAK = YES;
				CLANG_WARN_BLOCK_CAPTURE_AUTORELEASING = YES;
				CLANG_WARN_BOOL_CONVERSION = YES;
				CLANG_WARN_COMMA = YES;
				CLANG_WARN_CONSTANT_CONVERSION = YES;
				CLANG_WARN_DEPRECATED_OBJC_IMPLEMENTATIONS = YES;
				CLANG_WARN_DIRECT_OBJC_ISA_USAGE = YES_ERROR;
				CLANG_WARN_DOCUMENTATION_COMMENTS = YES;
				CLANG_WARN_EMPTY_BODY = YES;
				CLANG_WARN_ENUM_CONVERSION = YES;
				CLANG_WARN_INFINITE_RECURSION = YES;
				CLANG_WARN_INT_CONVERSION = YES;
				CLANG_WARN_NON_LITERAL_NULL_CONVERSION = YES;
				CLANG_WARN_OBJC_IMPLICIT_RETAIN_SELF = YES;
				CLANG_WARN_OBJC_LITERAL_CONVERSION = YES;
				CLANG_WARN_OBJC_ROOT_CLASS = YES_ERROR;
				CLANG_WARN_QUOTED_INCLUDE_IN_FRAMEWORK_HEADER = YES;
				CLANG_WARN_RANGE_LOOP_ANALYSIS = YES;
				CLANG_WARN_STRICT_PROTOTYPES = YES;
				CLANG_WARN_SUSPICIOUS_MOVE = YES;
				CLANG_WARN_UNGUARDED_AVAILABILITY = YES_AGGRESSIVE;
				CLANG_WARN_UNREACHABLE_CODE = YES;
				CLANG_WARN__DUPLICATE_METHOD_MATCH = YES;
				COPY_PHASE_STRIP = NO;
				DEBUG_INFORMATION_FORMAT = dwarf;
				ENABLE_STRICT_OBJC_MSGSEND = YES;
				ENABLE_TESTABILITY = YES;
				GCC_C_LANGUAGE_STANDARD = gnu11;
				GCC_DYNAMIC_NO_PIC = NO;
				GCC_NO_COMMON_BLOCKS = YES;
				GCC_OPTIMIZATION_LEVEL = 0;
				GCC_PREPROCESSOR_DEFINITIONS = (
					"DEBUG=1",
					"$(inherited)",
				);
				GCC_WARN_64_TO_32_BIT_CONVERSION = YES;
				GCC_WARN_ABOUT_RETURN_TYPE = YES_ERROR;
				GCC_WARN_UNDECLARED_SELECTOR = YES;
				GCC_WARN_UNINITIALIZED_AUTOS = YES_AGGRESSIVE;
				GCC_WARN_UNUSED_FUNCTION = YES;
				GCC_WARN_UNUSED_VARIABLE = YES;
				IPHONEOS_DEPLOYMENT_TARGET = 16.0;
				MTL_ENABLE_DEBUG_INFO = INCLUDE_SOURCE;
				MTL_FAST_MATH = YES;
				ONLY_ACTIVE_ARCH = YES;
				SDKROOT = iphoneos;
				SWIFT_ACTIVE_COMPILATION_CONDITIONS = DEBUG;
				SWIFT_OPTIMIZATION_LEVEL = "-Onone";
			};
			name = Debug;
		};
		CF723C682905B05900FA8CBE /* Release */ = {
			isa = XCBuildConfiguration;
			buildSettings = {
				ALWAYS_SEARCH_USER_PATHS = NO;
				CLANG_ANALYZER_NONNULL = YES;
				CLANG_ANALYZER_NUMBER_OBJECT_CONVERSION = YES_AGGRESSIVE;
				CLANG_CXX_LANGUAGE_STANDARD = "gnu++20";
				CLANG_ENABLE_MODULES = YES;
				CLANG_ENABLE_OBJC_ARC = YES;
				CLANG_ENABLE_OBJC_WEAK = YES;
				CLANG_WARN_BLOCK_CAPTURE_AUTORELEASING = YES;
				CLANG_WARN_BOOL_CONVERSION = YES;
				CLANG_WARN_COMMA = YES;
				CLANG_WARN_CONSTANT_CONVERSION = YES;
				CLANG_WARN_DEPRECATED_OBJC_IMPLEMENTATIONS = YES;
				CLANG_WARN_DIRECT_OBJC_ISA_USAGE = YES_ERROR;
				CLANG_WARN_DOCUMENTATION_COMMENTS = YES;
				CLANG_WARN_EMPTY_BODY = YES;
				CLANG_WARN_ENUM_CONVERSION = YES;
				CLANG_WARN_INFINITE_RECURSION = YES;
				CLANG_WARN_INT_CONVERSION = YES;
				CLANG_WARN_NON_LITERAL_NULL_CONVERSION = YES;
				CLANG_WARN_OBJC_IMPLICIT_RETAIN_SELF = YES;
				CLANG_WARN_OBJC_LITERAL_CONVERSION = YES;
				CLANG_WARN_OBJC_ROOT_CLASS = YES_ERROR;
				CLANG_WARN_QUOTED_INCLUDE_IN_FRAMEWORK_HEADER = YES;
				CLANG_WARN_RANGE_LOOP_ANALYSIS = YES;
				CLANG_WARN_STRICT_PROTOTYPES = YES;
				CLANG_WARN_SUSPICIOUS_MOVE = YES;
				CLANG_WARN_UNGUARDED_AVAILABILITY = YES_AGGRESSIVE;
				CLANG_WARN_UNREACHABLE_CODE = YES;
				CLANG_WARN__DUPLICATE_METHOD_MATCH = YES;
				COPY_PHASE_STRIP = NO;
				DEBUG_INFORMATION_FORMAT = "dwarf-with-dsym";
				ENABLE_NS_ASSERTIONS = NO;
				ENABLE_STRICT_OBJC_MSGSEND = YES;
				GCC_C_LANGUAGE_STANDARD = gnu11;
				GCC_NO_COMMON_BLOCKS = YES;
				GCC_WARN_64_TO_32_BIT_CONVERSION = YES;
				GCC_WARN_ABOUT_RETURN_TYPE = YES_ERROR;
				GCC_WARN_UNDECLARED_SELECTOR = YES;
				GCC_WARN_UNINITIALIZED_AUTOS = YES_AGGRESSIVE;
				GCC_WARN_UNUSED_FUNCTION = YES;
				GCC_WARN_UNUSED_VARIABLE = YES;
				IPHONEOS_DEPLOYMENT_TARGET = 16.0;
				MTL_ENABLE_DEBUG_INFO = NO;
				MTL_FAST_MATH = YES;
				SDKROOT = iphoneos;
				SWIFT_COMPILATION_MODE = wholemodule;
				SWIFT_OPTIMIZATION_LEVEL = "-O";
				VALIDATE_PRODUCT = YES;
			};
			name = Release;
		};
		CF723C6A2905B05900FA8CBE /* Debug */ = {
			isa = XCBuildConfiguration;
			buildSettings = {
				ASSETCATALOG_COMPILER_APPICON_NAME = AppIcon;
				ASSETCATALOG_COMPILER_GLOBAL_ACCENT_COLOR_NAME = AccentColor;
				CODE_SIGN_STYLE = Automatic;
				CURRENT_PROJECT_VERSION = 1;
				DEVELOPMENT_TEAM = 7W2THRYP4D;
				GENERATE_INFOPLIST_FILE = YES;
				INFOPLIST_FILE = "Zelda Game Covers/Info.plist";
				INFOPLIST_KEY_UIApplicationSupportsIndirectInputEvents = YES;
				INFOPLIST_KEY_UILaunchStoryboardName = LaunchScreen;
				INFOPLIST_KEY_UISupportedInterfaceOrientations_iPad = "UIInterfaceOrientationPortrait UIInterfaceOrientationPortraitUpsideDown UIInterfaceOrientationLandscapeLeft UIInterfaceOrientationLandscapeRight";
				INFOPLIST_KEY_UISupportedInterfaceOrientations_iPhone = "UIInterfaceOrientationPortrait UIInterfaceOrientationLandscapeLeft UIInterfaceOrientationLandscapeRight";
				LD_RUNPATH_SEARCH_PATHS = (
					"$(inherited)",
					"@executable_path/Frameworks",
				);
				MARKETING_VERSION = 1.0;
				PRODUCT_BUNDLE_IDENTIFIER = "com.benjamin-heflin.Zelda-Game-Covers";
				PRODUCT_NAME = "$(TARGET_NAME)";
				SWIFT_EMIT_LOC_STRINGS = YES;
				SWIFT_VERSION = 5.0;
				TARGETED_DEVICE_FAMILY = "1,2";
			};
			name = Debug;
		};
		CF723C6B2905B05900FA8CBE /* Release */ = {
			isa = XCBuildConfiguration;
			buildSettings = {
				ASSETCATALOG_COMPILER_APPICON_NAME = AppIcon;
				ASSETCATALOG_COMPILER_GLOBAL_ACCENT_COLOR_NAME = AccentColor;
				CODE_SIGN_STYLE = Automatic;
				CURRENT_PROJECT_VERSION = 1;
				DEVELOPMENT_TEAM = 7W2THRYP4D;
				GENERATE_INFOPLIST_FILE = YES;
				INFOPLIST_FILE = "Zelda Game Covers/Info.plist";
				INFOPLIST_KEY_UIApplicationSupportsIndirectInputEvents = YES;
				INFOPLIST_KEY_UILaunchStoryboardName = LaunchScreen;
				INFOPLIST_KEY_UISupportedInterfaceOrientations_iPad = "UIInterfaceOrientationPortrait UIInterfaceOrientationPortraitUpsideDown UIInterfaceOrientationLandscapeLeft UIInterfaceOrientationLandscapeRight";
				INFOPLIST_KEY_UISupportedInterfaceOrientations_iPhone = "UIInterfaceOrientationPortrait UIInterfaceOrientationLandscapeLeft UIInterfaceOrientationLandscapeRight";
				LD_RUNPATH_SEARCH_PATHS = (
					"$(inherited)",
					"@executable_path/Frameworks",
				);
				MARKETING_VERSION = 1.0;
				PRODUCT_BUNDLE_IDENTIFIER = "com.benjamin-heflin.Zelda-Game-Covers";
				PRODUCT_NAME = "$(TARGET_NAME)";
				SWIFT_EMIT_LOC_STRINGS = YES;
				SWIFT_VERSION = 5.0;
				TARGETED_DEVICE_FAMILY = "1,2";
			};
			name = Release;
		};
/* End XCBuildConfiguration section */

/* Begin XCConfigurationList section */
		CF723C502905B05600FA8CBE /* Build configuration list for PBXProject "Zelda Game Covers" */ = {
			isa = XCConfigurationList;
			buildConfigurations = (
				CF723C672905B05900FA8CBE /* Debug */,
				CF723C682905B05900FA8CBE /* Release */,
			);
			defaultConfigurationIsVisible = 0;
			defaultConfigurationName = Release;
		};
		CF723C692905B05900FA8CBE /* Build configuration list for PBXNativeTarget "Zelda Game Covers" */ = {
			isa = XCConfigurationList;
			buildConfigurations = (
				CF723C6A2905B05900FA8CBE /* Debug */,
				CF723C6B2905B05900FA8CBE /* Release */,
			);
			defaultConfigurationIsVisible = 0;
			defaultConfigurationName = Release;
		};
/* End XCConfigurationList section */
	};
	rootObject = CF723C4D2905B05600FA8CBE /* Project object */;
}
